// !$*UTF8*$!
{
	archiveVersion = 1;
	classes = {
	};
	objectVersion = 50;
	objects = {

/* Begin PBXBuildFile section */
		5702473325C32461004D25C8 /* Lakefield_Map_layout_prototypeApp.swift in Sources */ = {isa = PBXBuildFile; fileRef = 5702472025C3245D004D25C8 /* Lakefield_Map_layout_prototypeApp.swift */; };
		5702473425C32461004D25C8 /* Lakefield_Map_layout_prototypeApp.swift in Sources */ = {isa = PBXBuildFile; fileRef = 5702472025C3245D004D25C8 /* Lakefield_Map_layout_prototypeApp.swift */; };
		5702473525C32461004D25C8 /* ContentView.swift in Sources */ = {isa = PBXBuildFile; fileRef = 5702472125C3245D004D25C8 /* ContentView.swift */; };
		5702473625C32461004D25C8 /* ContentView.swift in Sources */ = {isa = PBXBuildFile; fileRef = 5702472125C3245D004D25C8 /* ContentView.swift */; };
		5702473725C32461004D25C8 /* Assets.xcassets in Resources */ = {isa = PBXBuildFile; fileRef = 5702472225C32461004D25C8 /* Assets.xcassets */; };
		5702473825C32461004D25C8 /* Assets.xcassets in Resources */ = {isa = PBXBuildFile; fileRef = 5702472225C32461004D25C8 /* Assets.xcassets */; };
		5702474525C32491004D25C8 /* MapView.swift in Sources */ = {isa = PBXBuildFile; fileRef = 5702474425C32491004D25C8 /* MapView.swift */; };
		5702474625C32491004D25C8 /* MapView.swift in Sources */ = {isa = PBXBuildFile; fileRef = 5702474425C32491004D25C8 /* MapView.swift */; };
/* End PBXBuildFile section */

/* Begin PBXFileReference section */
		5702472025C3245D004D25C8 /* Lakefield_Map_layout_prototypeApp.swift */ = {isa = PBXFileReference; lastKnownFileType = sourcecode.swift; path = Lakefield_Map_layout_prototypeApp.swift; sourceTree = "<group>"; };
		5702472125C3245D004D25C8 /* ContentView.swift */ = {isa = PBXFileReference; lastKnownFileType = sourcecode.swift; path = ContentView.swift; sourceTree = "<group>"; };
		5702472225C32461004D25C8 /* Assets.xcassets */ = {isa = PBXFileReference; lastKnownFileType = folder.assetcatalog; path = Assets.xcassets; sourceTree = "<group>"; };
		5702472725C32461004D25C8 /* Lakefield Map layout prototype.app */ = {isa = PBXFileReference; explicitFileType = wrapper.application; includeInIndex = 0; path = "Lakefield Map layout prototype.app"; sourceTree = BUILT_PRODUCTS_DIR; };
		5702472A25C32461004D25C8 /* Info.plist */ = {isa = PBXFileReference; lastKnownFileType = text.plist.xml; path = Info.plist; sourceTree = "<group>"; };
		5702472F25C32461004D25C8 /* Lakefield Map layout prototype.app */ = {isa = PBXFileReference; explicitFileType = wrapper.application; includeInIndex = 0; path = "Lakefield Map layout prototype.app"; sourceTree = BUILT_PRODUCTS_DIR; };
		5702473125C32461004D25C8 /* Info.plist */ = {isa = PBXFileReference; lastKnownFileType = text.plist.xml; path = Info.plist; sourceTree = "<group>"; };
		5702473225C32461004D25C8 /* macOS.entitlements */ = {isa = PBXFileReference; lastKnownFileType = text.plist.entitlements; path = macOS.entitlements; sourceTree = "<group>"; };
		5702474425C32491004D25C8 /* MapView.swift */ = {isa = PBXFileReference; lastKnownFileType = sourcecode.swift; path = MapView.swift; sourceTree = "<group>"; };
/* End PBXFileReference section */

/* Begin PBXFrameworksBuildPhase section */
		5702472425C32461004D25C8 /* Frameworks */ = {
			isa = PBXFrameworksBuildPhase;
			buildActionMask = 2147483647;
			files = (
			);
			runOnlyForDeploymentPostprocessing = 0;
		};
		5702472C25C32461004D25C8 /* Frameworks */ = {
			isa = PBXFrameworksBuildPhase;
			buildActionMask = 2147483647;
			files = (
			);
			runOnlyForDeploymentPostprocessing = 0;
		};
/* End PBXFrameworksBuildPhase section */

/* Begin PBXGroup section */
		5702471A25C3245C004D25C8 = {
			isa = PBXGroup;
			children = (
				5702471F25C3245D004D25C8 /* Shared */,
				5702474325C32478004D25C8 /* View */,
				5702472925C32461004D25C8 /* iOS */,
				5702473025C32461004D25C8 /* macOS */,
				5702472825C32461004D25C8 /* Products */,
			);
			sourceTree = "<group>";
		};
		5702471F25C3245D004D25C8 /* Shared */ = {
			isa = PBXGroup;
			children = (
				5702472025C3245D004D25C8 /* Lakefield_Map_layout_prototypeApp.swift */,
				5702472125C3245D004D25C8 /* ContentView.swift */,
				5702472225C32461004D25C8 /* Assets.xcassets */,
			);
			path = Shared;
			sourceTree = "<group>";
		};
		5702472825C32461004D25C8 /* Products */ = {
			isa = PBXGroup;
			children = (
				5702472725C32461004D25C8 /* Lakefield Map layout prototype.app */,
				5702472F25C32461004D25C8 /* Lakefield Map layout prototype.app */,
			);
			name = Products;
			sourceTree = "<group>";
		};
		5702472925C32461004D25C8 /* iOS */ = {
			isa = PBXGroup;
			children = (
				5702472A25C32461004D25C8 /* Info.plist */,
			);
			path = iOS;
			sourceTree = "<group>";
		};
		5702473025C32461004D25C8 /* macOS */ = {
			isa = PBXGroup;
			children = (
				5702473125C32461004D25C8 /* Info.plist */,
				5702473225C32461004D25C8 /* macOS.entitlements */,
			);
			path = macOS;
			sourceTree = "<group>";
		};
		5702474325C32478004D25C8 /* View */ = {
			isa = PBXGroup;
			children = (
				5702474425C32491004D25C8 /* MapView.swift */,
			);
			path = View;
			sourceTree = "<group>";
		};
/* End PBXGroup section */

/* Begin PBXNativeTarget section */
		5702472625C32461004D25C8 /* Lakefield Map layout prototype (iOS) */ = {
			isa = PBXNativeTarget;
			buildConfigurationList = 5702473B25C32461004D25C8 /* Build configuration list for PBXNativeTarget "Lakefield Map layout prototype (iOS)" */;
			buildPhases = (
				5702472325C32461004D25C8 /* Sources */,
				5702472425C32461004D25C8 /* Frameworks */,
				5702472525C32461004D25C8 /* Resources */,
			);
			buildRules = (
			);
			dependencies = (
			);
			name = "Lakefield Map layout prototype (iOS)";
			productName = "Lakefield Map layout prototype (iOS)";
			productReference = 5702472725C32461004D25C8 /* Lakefield Map layout prototype.app */;
			productType = "com.apple.product-type.application";
		};
		5702472E25C32461004D25C8 /* Lakefield Map layout prototype (macOS) */ = {
			isa = PBXNativeTarget;
			buildConfigurationList = 5702473E25C32461004D25C8 /* Build configuration list for PBXNativeTarget "Lakefield Map layout prototype (macOS)" */;
			buildPhases = (
				5702472B25C32461004D25C8 /* Sources */,
				5702472C25C32461004D25C8 /* Frameworks */,
				5702472D25C32461004D25C8 /* Resources */,
			);
			buildRules = (
			);
			dependencies = (
			);
			name = "Lakefield Map layout prototype (macOS)";
			productName = "Lakefield Map layout prototype (macOS)";
			productReference = 5702472F25C32461004D25C8 /* Lakefield Map layout prototype.app */;
			productType = "com.apple.product-type.application";
		};
/* End PBXNativeTarget section */

/* Begin PBXProject section */
		5702471B25C3245C004D25C8 /* Project object */ = {
			isa = PBXProject;
			attributes = {
				LastSwiftUpdateCheck = 1230;
				LastUpgradeCheck = 1230;
				TargetAttributes = {
					5702472625C32461004D25C8 = {
						CreatedOnToolsVersion = 12.3;
					};
					5702472E25C32461004D25C8 = {
						CreatedOnToolsVersion = 12.3;
					};
				};
			};
			buildConfigurationList = 5702471E25C3245C004D25C8 /* Build configuration list for PBXProject "Lakefield Map layout prototype" */;
			compatibilityVersion = "Xcode 9.3";
			developmentRegion = en;
			hasScannedForEncodings = 0;
			knownRegions = (
				en,
				Base,
			);
			mainGroup = 5702471A25C3245C004D25C8;
			productRefGroup = 5702472825C32461004D25C8 /* Products */;
			projectDirPath = "";
			projectRoot = "";
			targets = (
				5702472625C32461004D25C8 /* Lakefield Map layout prototype (iOS) */,
				5702472E25C32461004D25C8 /* Lakefield Map layout prototype (macOS) */,
			);
		};
/* End PBXProject section */

/* Begin PBXResourcesBuildPhase section */
		5702472525C32461004D25C8 /* Resources */ = {
			isa = PBXResourcesBuildPhase;
			buildActionMask = 2147483647;
			files = (
				5702473725C32461004D25C8 /* Assets.xcassets in Resources */,
			);
			runOnlyForDeploymentPostprocessing = 0;
		};
		5702472D25C32461004D25C8 /* Resources */ = {
			isa = PBXResourcesBuildPhase;
			buildActionMask = 2147483647;
			files = (
				5702473825C32461004D25C8 /* Assets.xcassets in Resources */,
			);
			runOnlyForDeploymentPostprocessing = 0;
		};
/* End PBXResourcesBuildPhase section */

/* Begin PBXSourcesBuildPhase section */
		5702472325C32461004D25C8 /* Sources */ = {
			isa = PBXSourcesBuildPhase;
			buildActionMask = 2147483647;
			files = (
				5702473525C32461004D25C8 /* ContentView.swift in Sources */,
				5702474525C32491004D25C8 /* MapView.swift in Sources */,
				5702473325C32461004D25C8 /* Lakefield_Map_layout_prototypeApp.swift in Sources */,
			);
			runOnlyForDeploymentPostprocessing = 0;
		};
		5702472B25C32461004D25C8 /* Sources */ = {
			isa = PBXSourcesBuildPhase;
			buildActionMask = 2147483647;
			files = (
				5702473625C32461004D25C8 /* ContentView.swift in Sources */,
				5702474625C32491004D25C8 /* MapView.swift in Sources */,
				5702473425C32461004D25C8 /* Lakefield_Map_layout_prototypeApp.swift in Sources */,
			);
			runOnlyForDeploymentPostprocessing = 0;
		};
/* End PBXSourcesBuildPhase section */

/* Begin XCBuildConfiguration section */
		5702473925C32461004D25C8 /* Debug */ = {
			isa = XCBuildConfiguration;
			buildSettings = {
				ALWAYS_SEARCH_USER_PATHS = NO;
				CLANG_ANALYZER_NONNULL = YES;
				CLANG_ANALYZER_NUMBER_OBJECT_CONVERSION = YES_AGGRESSIVE;
				CLANG_CXX_LANGUAGE_STANDARD = "gnu++14";
				CLANG_CXX_LIBRARY = "libc++";
				CLANG_ENABLE_MODULES = YES;
				CLANG_ENABLE_OBJC_ARC = YES;
				CLANG_ENABLE_OBJC_WEAK = YES;
				CLANG_WARN_BLOCK_CAPTURE_AUTORELEASING = YES;
				CLANG_WARN_BOOL_CONVERSION = YES;
				CLANG_WARN_COMMA = YES;
				CLANG_WARN_CONSTANT_CONVERSION = YES;
				CLANG_WARN_DEPRECATED_OBJC_IMPLEMENTATIONS = YES;
				CLANG_WARN_DIRECT_OBJC_ISA_USAGE = YES_ERROR;
				CLANG_WARN_DOCUMENTATION_COMMENTS = YES;
				CLANG_WARN_EMPTY_BODY = YES;
				CLANG_WARN_ENUM_CONVERSION = YES;
				CLANG_WARN_INFINITE_RECURSION = YES;
				CLANG_WARN_INT_CONVERSION = YES;
				CLANG_WARN_NON_LITERAL_NULL_CONVERSION = YES;
				CLANG_WARN_OBJC_IMPLICIT_RETAIN_SELF = YES;
				CLANG_WARN_OBJC_LITERAL_CONVERSION = YES;
				CLANG_WARN_OBJC_ROOT_CLASS = YES_ERROR;
				CLANG_WARN_QUOTED_INCLUDE_IN_FRAMEWORK_HEADER = YES;
				CLANG_WARN_RANGE_LOOP_ANALYSIS = YES;
				CLANG_WARN_STRICT_PROTOTYPES = YES;
				CLANG_WARN_SUSPICIOUS_MOVE = YES;
				CLANG_WARN_UNGUARDED_AVAILABILITY = YES_AGGRESSIVE;
				CLANG_WARN_UNREACHABLE_CODE = YES;
				CLANG_WARN__DUPLICATE_METHOD_MATCH = YES;
				COPY_PHASE_STRIP = NO;
				DEBUG_INFORMATION_FORMAT = dwarf;
				ENABLE_STRICT_OBJC_MSGSEND = YES;
				ENABLE_TESTABILITY = YES;
				GCC_C_LANGUAGE_STANDARD = gnu11;
				GCC_DYNAMIC_NO_PIC = NO;
				GCC_NO_COMMON_BLOCKS = YES;
				GCC_OPTIMIZATION_LEVEL = 0;
				GCC_PREPROCESSOR_DEFINITIONS = (
					"DEBUG=1",
					"$(inherited)",
				);
				GCC_WARN_64_TO_32_BIT_CONVERSION = YES;
				GCC_WARN_ABOUT_RETURN_TYPE = YES_ERROR;
				GCC_WARN_UNDECLARED_SELECTOR = YES;
				GCC_WARN_UNINITIALIZED_AUTOS = YES_AGGRESSIVE;
				GCC_WARN_UNUSED_FUNCTION = YES;
				GCC_WARN_UNUSED_VARIABLE = YES;
				MTL_ENABLE_DEBUG_INFO = INCLUDE_SOURCE;
				MTL_FAST_MATH = YES;
				ONLY_ACTIVE_ARCH = YES;
				SWIFT_ACTIVE_COMPILATION_CONDITIONS = DEBUG;
				SWIFT_OPTIMIZATION_LEVEL = "-Onone";
			};
			name = Debug;
		};
		5702473A25C32461004D25C8 /* Release */ = {
			isa = XCBuildConfiguration;
			buildSettings = {
				ALWAYS_SEARCH_USER_PATHS = NO;
				CLANG_ANALYZER_NONNULL = YES;
				CLANG_ANALYZER_NUMBER_OBJECT_CONVERSION = YES_AGGRESSIVE;
				CLANG_CXX_LANGUAGE_STANDARD = "gnu++14";
				CLANG_CXX_LIBRARY = "libc++";
				CLANG_ENABLE_MODULES = YES;
				CLANG_ENABLE_OBJC_ARC = YES;
				CLANG_ENABLE_OBJC_WEAK = YES;
				CLANG_WARN_BLOCK_CAPTURE_AUTORELEASING = YES;
				CLANG_WARN_BOOL_CONVERSION = YES;
				CLANG_WARN_COMMA = YES;
				CLANG_WARN_CONSTANT_CONVERSION = YES;
				CLANG_WARN_DEPRECATED_OBJC_IMPLEMENTATIONS = YES;
				CLANG_WARN_DIRECT_OBJC_ISA_USAGE = YES_ERROR;
				CLANG_WARN_DOCUMENTATION_COMMENTS = YES;
				CLANG_WARN_EMPTY_BODY = YES;
				CLANG_WARN_ENUM_CONVERSION = YES;
				CLANG_WARN_INFINITE_RECURSION = YES;
				CLANG_WARN_INT_CONVERSION = YES;
				CLANG_WARN_NON_LITERAL_NULL_CONVERSION = YES;
				CLANG_WARN_OBJC_IMPLICIT_RETAIN_SELF = YES;
				CLANG_WARN_OBJC_LITERAL_CONVERSION = YES;
				CLANG_WARN_OBJC_ROOT_CLASS = YES_ERROR;
				CLANG_WARN_QUOTED_INCLUDE_IN_FRAMEWORK_HEADER = YES;
				CLANG_WARN_RANGE_LOOP_ANALYSIS = YES;
				CLANG_WARN_STRICT_PROTOTYPES = YES;
				CLANG_WARN_SUSPICIOUS_MOVE = YES;
				CLANG_WARN_UNGUARDED_AVAILABILITY = YES_AGGRESSIVE;
				CLANG_WARN_UNREACHABLE_CODE = YES;
				CLANG_WARN__DUPLICATE_METHOD_MATCH = YES;
				COPY_PHASE_STRIP = NO;
				DEBUG_INFORMATION_FORMAT = "dwarf-with-dsym";
				ENABLE_NS_ASSERTIONS = NO;
				ENABLE_STRICT_OBJC_MSGSEND = YES;
				GCC_C_LANGUAGE_STANDARD = gnu11;
				GCC_NO_COMMON_BLOCKS = YES;
				GCC_WARN_64_TO_32_BIT_CONVERSION = YES;
				GCC_WARN_ABOUT_RETURN_TYPE = YES_ERROR;
				GCC_WARN_UNDECLARED_SELECTOR = YES;
				GCC_WARN_UNINITIALIZED_AUTOS = YES_AGGRESSIVE;
				GCC_WARN_UNUSED_FUNCTION = YES;
				GCC_WARN_UNUSED_VARIABLE = YES;
				MTL_ENABLE_DEBUG_INFO = NO;
				MTL_FAST_MATH = YES;
				SWIFT_COMPILATION_MODE = wholemodule;
				SWIFT_OPTIMIZATION_LEVEL = "-O";
			};
			name = Release;
		};
		5702473C25C32461004D25C8 /* Debug */ = {
			isa = XCBuildConfiguration;
			buildSettings = {
				ASSETCATALOG_COMPILER_APPICON_NAME = AppIcon;
				ASSETCATALOG_COMPILER_GLOBAL_ACCENT_COLOR_NAME = AccentColor;
				CODE_SIGN_STYLE = Automatic;
				DEVELOPMENT_TEAM = QP225TF54Z;
				ENABLE_PREVIEWS = YES;
				INFOPLIST_FILE = iOS/Info.plist;
				IPHONEOS_DEPLOYMENT_TARGET = 14.0;
				LD_RUNPATH_SEARCH_PATHS = (
					"$(inherited)",
					"@executable_path/Frameworks",
				);
				PRODUCT_BUNDLE_IDENTIFIER = "ca.HungBranton.Lakefield-Map-layout-prototype";
				PRODUCT_NAME = "Lakefield Map layout prototype";
				SDKROOT = iphoneos;
				SWIFT_VERSION = 5.0;
				TARGETED_DEVICE_FAMILY = "1,2";
			};
			name = Debug;
		};
		5702473D25C32461004D25C8 /* Release */ = {
			isa = XCBuildConfiguration;
			buildSettings = {
				ASSETCATALOG_COMPILER_APPICON_NAME = AppIcon;
				ASSETCATALOG_COMPILER_GLOBAL_ACCENT_COLOR_NAME = AccentColor;
				CODE_SIGN_STYLE = Automatic;
				DEVELOPMENT_TEAM = QP225TF54Z;
				ENABLE_PREVIEWS = YES;
				INFOPLIST_FILE = iOS/Info.plist;
				IPHONEOS_DEPLOYMENT_TARGET = 14.0;
				LD_RUNPATH_SEARCH_PATHS = (
					"$(inherited)",
					"@executable_path/Frameworks",
				);
				PRODUCT_BUNDLE_IDENTIFIER = "ca.HungBranton.Lakefield-Map-layout-prototype";
				PRODUCT_NAME = "Lakefield Map layout prototype";
				SDKROOT = iphoneos;
				SWIFT_VERSION = 5.0;
				TARGETED_DEVICE_FAMILY = "1,2";
				VALIDATE_PRODUCT = YES;
			};
			name = Release;
		};
		5702473F25C32461004D25C8 /* Debug */ = {
			isa = XCBuildConfiguration;
			buildSettings = {
				ASSETCATALOG_COMPILER_APPICON_NAME = AppIcon;
				ASSETCATALOG_COMPILER_GLOBAL_ACCENT_COLOR_NAME = AccentColor;
				CODE_SIGN_ENTITLEMENTS = macOS/macOS.entitlements;
				CODE_SIGN_STYLE = Automatic;
				COMBINE_HIDPI_IMAGES = YES;
				DEVELOPMENT_TEAM = QP225TF54Z;
				ENABLE_HARDENED_RUNTIME = YES;
				ENABLE_PREVIEWS = YES;
				INFOPLIST_FILE = macOS/Info.plist;
				LD_RUNPATH_SEARCH_PATHS = (
					"$(inherited)",
					"@executable_path/../Frameworks",
				);
				MACOSX_DEPLOYMENT_TARGET = 11.0;
				PRODUCT_BUNDLE_IDENTIFIER = "ca.HungBranton.Lakefield-Map-layout-prototype";
				PRODUCT_NAME = "Lakefield Map layout prototype";
				SDKROOT = macosx;
				SWIFT_VERSION = 5.0;
			};
			name = Debug;
		};
		5702474025C32461004D25C8 /* Release */ = {
			isa = XCBuildConfiguration;
			buildSettings = {
				ASSETCATALOG_COMPILER_APPICON_NAME = AppIcon;
				ASSETCATALOG_COMPILER_GLOBAL_ACCENT_COLOR_NAME = AccentColor;
				CODE_SIGN_ENTITLEMENTS = macOS/macOS.entitlements;
				CODE_SIGN_STYLE = Automatic;
				COMBINE_HIDPI_IMAGES = YES;
				DEVELOPMENT_TEAM = QP225TF54Z;
				ENABLE_HARDENED_RUNTIME = YES;
				ENABLE_PREVIEWS = YES;
				INFOPLIST_FILE = macOS/Info.plist;
				LD_RUNPATH_SEARCH_PATHS = (
					"$(inherited)",
					"@executable_path/../Frameworks",
				);
				MACOSX_DEPLOYMENT_TARGET = 11.0;
				PRODUCT_BUNDLE_IDENTIFIER = "ca.HungBranton.Lakefield-Map-layout-prototype";
				PRODUCT_NAME = "Lakefield Map layout prototype";
				SDKROOT = macosx;
				SWIFT_VERSION = 5.0;
			};
			name = Release;
		};
/* End XCBuildConfiguration section */

/* Begin XCConfigurationList section */
		5702471E25C3245C004D25C8 /* Build configuration list for PBXProject "Lakefield Map layout prototype" */ = {
			isa = XCConfigurationList;
			buildConfigurations = (
				5702473925C32461004D25C8 /* Debug */,
				5702473A25C32461004D25C8 /* Release */,
			);
			defaultConfigurationIsVisible = 0;
			defaultConfigurationName = Release;
		};
		5702473B25C32461004D25C8 /* Build configuration list for PBXNativeTarget "Lakefield Map layout prototype (iOS)" */ = {
			isa = XCConfigurationList;
			buildConfigurations = (
				5702473C25C32461004D25C8 /* Debug */,
				5702473D25C32461004D25C8 /* Release */,
			);
			defaultConfigurationIsVisible = 0;
			defaultConfigurationName = Release;
		};
		5702473E25C32461004D25C8 /* Build configuration list for PBXNativeTarget "Lakefield Map layout prototype (macOS)" */ = {
			isa = XCConfigurationList;
			buildConfigurations = (
				5702473F25C32461004D25C8 /* Debug */,
				5702474025C32461004D25C8 /* Release */,
			);
			defaultConfigurationIsVisible = 0;
			defaultConfigurationName = Release;
		};
/* End XCConfigurationList section */
	};
	rootObject = 5702471B25C3245C004D25C8 /* Project object */;
}
